// !$*UTF8*$!
{
	archiveVersion = 1;
	classes = {
	};
	objectVersion = 56;
	objects = {

/* Begin PBXBuildFile section */
		F6003F212CBD944800CD90FA /* UIBlockingProgressHUD.swift in Sources */ = {isa = PBXBuildFile; fileRef = F6003F202CBD942800CD90FA /* UIBlockingProgressHUD.swift */; };
		F6003F252CBD981100CD90FA /* ProfileService.swift in Sources */ = {isa = PBXBuildFile; fileRef = F6003F242CBD981100CD90FA /* ProfileService.swift */; };
		F6003F292CBDA74F00CD90FA /* ProfileServiceResponseBody.swift in Sources */ = {isa = PBXBuildFile; fileRef = F6003F282CBDA74F00CD90FA /* ProfileServiceResponseBody.swift */; };
		F61365702CC570E000AC791A /* ProfileImageService.swift in Sources */ = {isa = PBXBuildFile; fileRef = F613656F2CC570E000AC791A /* ProfileImageService.swift */; };
		F61920302C4054E400171E55 /* imagesListCell.swift in Sources */ = {isa = PBXBuildFile; fileRef = F619202F2C4054E400171E55 /* imagesListCell.swift */; };
		F61920332C418E5900171E55 /* YS Display-Bold.ttf in Resources */ = {isa = PBXBuildFile; fileRef = F61920322C418E5900171E55 /* YS Display-Bold.ttf */; };
		F61920352C418E6300171E55 /* YS Display-Medium.ttf in Resources */ = {isa = PBXBuildFile; fileRef = F61920342C418E6300171E55 /* YS Display-Medium.ttf */; };
		F61FFC492C483D85005D5D46 /* ProfileViewController.swift in Sources */ = {isa = PBXBuildFile; fileRef = F61FFC482C483D85005D5D46 /* ProfileViewController.swift */; };
		F640EE6D2C3720250010512A /* AppDelegate.swift in Sources */ = {isa = PBXBuildFile; fileRef = F640EE6C2C3720250010512A /* AppDelegate.swift */; };
		F640EE6F2C3720250010512A /* SceneDelegate.swift in Sources */ = {isa = PBXBuildFile; fileRef = F640EE6E2C3720250010512A /* SceneDelegate.swift */; };
		F640EE712C3720250010512A /* ImagesListViewController.swift in Sources */ = {isa = PBXBuildFile; fileRef = F640EE702C3720250010512A /* ImagesListViewController.swift */; };
		F640EE742C3720250010512A /* Base in Resources */ = {isa = PBXBuildFile; fileRef = F640EE732C3720250010512A /* Base */; };
		F640EE762C3720260010512A /* Assets.xcassets in Resources */ = {isa = PBXBuildFile; fileRef = F640EE752C3720260010512A /* Assets.xcassets */; };
		F640EE792C3720260010512A /* Base in Resources */ = {isa = PBXBuildFile; fileRef = F640EE782C3720260010512A /* Base */; };
		F64AE1BE2C8361DC007089BE /* ProgressHUD in Frameworks */ = {isa = PBXBuildFile; productRef = F64AE1BD2C8361DC007089BE /* ProgressHUD */; };
		F677728B2CC81F3B0051B9DA /* Kingfisher in Frameworks */ = {isa = PBXBuildFile; productRef = F677728A2CC81F3B0051B9DA /* Kingfisher */; };
		F692F47C2C5016F20055FA32 /* SingleImageViewController.swift in Sources */ = {isa = PBXBuildFile; fileRef = F692F47B2C5016F20055FA32 /* SingleImageViewController.swift */; };
		F6CDA11B2C73B62400E12927 /* OAuth2Service.swift in Sources */ = {isa = PBXBuildFile; fileRef = F6CDA11A2C73B62400E12927 /* OAuth2Service.swift */; };
		F6CDA11F2C74EF9C00E12927 /* URLSession+data.swift in Sources */ = {isa = PBXBuildFile; fileRef = F6CDA11E2C74EF9C00E12927 /* URLSession+data.swift */; };
		F6CDA1222C74F11500E12927 /* OAuthTokenResponseBody.swift in Sources */ = {isa = PBXBuildFile; fileRef = F6CDA1212C74F11500E12927 /* OAuthTokenResponseBody.swift */; };
		F6CDA1242C74F3C300E12927 /* OAuth2TokenStorage.swift in Sources */ = {isa = PBXBuildFile; fileRef = F6CDA1232C74F3C300E12927 /* OAuth2TokenStorage.swift */; };
		F6CDA1272C750A5900E12927 /* SplashViewController.swift in Sources */ = {isa = PBXBuildFile; fileRef = F6CDA1262C750A5900E12927 /* SplashViewController.swift */; };
		F6CF6C022C692F49001AF87C /* Constants.swift in Sources */ = {isa = PBXBuildFile; fileRef = F6CF6C012C692F48001AF87C /* Constants.swift */; };
		F6D8C6972C46EAEC00453F75 /* SF-Pro-Italic.ttf in Resources */ = {isa = PBXBuildFile; fileRef = F6D8C6952C46EAEB00453F75 /* SF-Pro-Italic.ttf */; };
		F6D8C6982C46EAEC00453F75 /* SF-Pro.ttf in Resources */ = {isa = PBXBuildFile; fileRef = F6D8C6962C46EAEC00453F75 /* SF-Pro.ttf */; };
		F6E1E7252C6BCF6F00355DD7 /* AuthViewController.swift in Sources */ = {isa = PBXBuildFile; fileRef = F6E1E7242C6BCF6F00355DD7 /* AuthViewController.swift */; };
		F6E1E7272C6BD60A00355DD7 /* WebViewViewController.swift in Sources */ = {isa = PBXBuildFile; fileRef = F6E1E7262C6BD60A00355DD7 /* WebViewViewController.swift */; };
/* End PBXBuildFile section */

/* Begin PBXFileReference section */
		F6003F202CBD942800CD90FA /* UIBlockingProgressHUD.swift */ = {isa = PBXFileReference; lastKnownFileType = sourcecode.swift; path = UIBlockingProgressHUD.swift; sourceTree = "<group>"; };
		F6003F242CBD981100CD90FA /* ProfileService.swift */ = {isa = PBXFileReference; lastKnownFileType = sourcecode.swift; path = ProfileService.swift; sourceTree = "<group>"; };
		F6003F282CBDA74F00CD90FA /* ProfileServiceResponseBody.swift */ = {isa = PBXFileReference; lastKnownFileType = sourcecode.swift; path = ProfileServiceResponseBody.swift; sourceTree = "<group>"; };
		F613656F2CC570E000AC791A /* ProfileImageService.swift */ = {isa = PBXFileReference; lastKnownFileType = sourcecode.swift; path = ProfileImageService.swift; sourceTree = "<group>"; };
		F619202F2C4054E400171E55 /* imagesListCell.swift */ = {isa = PBXFileReference; lastKnownFileType = sourcecode.swift; path = imagesListCell.swift; sourceTree = "<group>"; };
		F61920322C418E5900171E55 /* YS Display-Bold.ttf */ = {isa = PBXFileReference; lastKnownFileType = file; path = "YS Display-Bold.ttf"; sourceTree = "<group>"; };
		F61920342C418E6300171E55 /* YS Display-Medium.ttf */ = {isa = PBXFileReference; lastKnownFileType = file; path = "YS Display-Medium.ttf"; sourceTree = "<group>"; };
		F61FFC482C483D85005D5D46 /* ProfileViewController.swift */ = {isa = PBXFileReference; lastKnownFileType = sourcecode.swift; path = ProfileViewController.swift; sourceTree = "<group>"; };
		F640EE692C3720250010512A /* ImageFeed.app */ = {isa = PBXFileReference; explicitFileType = wrapper.application; includeInIndex = 0; path = ImageFeed.app; sourceTree = BUILT_PRODUCTS_DIR; };
		F640EE6C2C3720250010512A /* AppDelegate.swift */ = {isa = PBXFileReference; lastKnownFileType = sourcecode.swift; path = AppDelegate.swift; sourceTree = "<group>"; };
		F640EE6E2C3720250010512A /* SceneDelegate.swift */ = {isa = PBXFileReference; lastKnownFileType = sourcecode.swift; path = SceneDelegate.swift; sourceTree = "<group>"; };
		F640EE702C3720250010512A /* ImagesListViewController.swift */ = {isa = PBXFileReference; lastKnownFileType = sourcecode.swift; path = ImagesListViewController.swift; sourceTree = "<group>"; };
		F640EE732C3720250010512A /* Base */ = {isa = PBXFileReference; lastKnownFileType = file.storyboard; name = Base; path = Base.lproj/Main.storyboard; sourceTree = "<group>"; };
		F640EE752C3720260010512A /* Assets.xcassets */ = {isa = PBXFileReference; lastKnownFileType = folder.assetcatalog; path = Assets.xcassets; sourceTree = "<group>"; };
		F640EE782C3720260010512A /* Base */ = {isa = PBXFileReference; lastKnownFileType = file.storyboard; name = Base; path = Base.lproj/LaunchScreen.storyboard; sourceTree = "<group>"; };
		F640EE7A2C3720260010512A /* Info.plist */ = {isa = PBXFileReference; lastKnownFileType = text.plist.xml; path = Info.plist; sourceTree = "<group>"; };
		F692F47B2C5016F20055FA32 /* SingleImageViewController.swift */ = {isa = PBXFileReference; lastKnownFileType = sourcecode.swift; path = SingleImageViewController.swift; sourceTree = "<group>"; };
		F6CDA11A2C73B62400E12927 /* OAuth2Service.swift */ = {isa = PBXFileReference; lastKnownFileType = sourcecode.swift; path = OAuth2Service.swift; sourceTree = "<group>"; };
		F6CDA11E2C74EF9C00E12927 /* URLSession+data.swift */ = {isa = PBXFileReference; lastKnownFileType = sourcecode.swift; path = "URLSession+data.swift"; sourceTree = "<group>"; };
		F6CDA1212C74F11500E12927 /* OAuthTokenResponseBody.swift */ = {isa = PBXFileReference; lastKnownFileType = sourcecode.swift; path = OAuthTokenResponseBody.swift; sourceTree = "<group>"; };
		F6CDA1232C74F3C300E12927 /* OAuth2TokenStorage.swift */ = {isa = PBXFileReference; lastKnownFileType = sourcecode.swift; path = OAuth2TokenStorage.swift; sourceTree = "<group>"; };
		F6CDA1262C750A5900E12927 /* SplashViewController.swift */ = {isa = PBXFileReference; lastKnownFileType = sourcecode.swift; path = SplashViewController.swift; sourceTree = "<group>"; };
		F6CF6C012C692F48001AF87C /* Constants.swift */ = {isa = PBXFileReference; lastKnownFileType = sourcecode.swift; path = Constants.swift; sourceTree = "<group>"; };
		F6D8C6952C46EAEB00453F75 /* SF-Pro-Italic.ttf */ = {isa = PBXFileReference; lastKnownFileType = file; path = "SF-Pro-Italic.ttf"; sourceTree = "<group>"; };
		F6D8C6962C46EAEC00453F75 /* SF-Pro.ttf */ = {isa = PBXFileReference; lastKnownFileType = file; path = "SF-Pro.ttf"; sourceTree = "<group>"; };
		F6E1E7242C6BCF6F00355DD7 /* AuthViewController.swift */ = {isa = PBXFileReference; lastKnownFileType = sourcecode.swift; path = AuthViewController.swift; sourceTree = "<group>"; };
		F6E1E7262C6BD60A00355DD7 /* WebViewViewController.swift */ = {isa = PBXFileReference; lastKnownFileType = sourcecode.swift; path = WebViewViewController.swift; sourceTree = "<group>"; };
/* End PBXFileReference section */

/* Begin PBXFrameworksBuildPhase section */
		F640EE662C3720250010512A /* Frameworks */ = {
			isa = PBXFrameworksBuildPhase;
			buildActionMask = 2147483647;
			files = (
				F677728B2CC81F3B0051B9DA /* Kingfisher in Frameworks */,
				F64AE1BE2C8361DC007089BE /* ProgressHUD in Frameworks */,
			);
			runOnlyForDeploymentPostprocessing = 0;
		};
/* End PBXFrameworksBuildPhase section */

/* Begin PBXGroup section */
		F618ABFE2C46F5FF00B7DE86 /* Profile */ = {
			isa = PBXGroup;
			children = (
				F61FFC482C483D85005D5D46 /* ProfileViewController.swift */,
			);
			path = Profile;
			sourceTree = "<group>";
		};
		F619202E2C4054C200171E55 /* ImagesList */ = {
			isa = PBXGroup;
			children = (
				F640EE702C3720250010512A /* ImagesListViewController.swift */,
				F619202F2C4054E400171E55 /* imagesListCell.swift */,
			);
			path = ImagesList;
			sourceTree = "<group>";
		};
		F61920312C418E3F00171E55 /* Resources */ = {
			isa = PBXGroup;
			children = (
				F640EE772C3720260010512A /* LaunchScreen.storyboard */,
				F6D8C6952C46EAEB00453F75 /* SF-Pro-Italic.ttf */,
				F6D8C6962C46EAEC00453F75 /* SF-Pro.ttf */,
				F61920342C418E6300171E55 /* YS Display-Medium.ttf */,
				F61920322C418E5900171E55 /* YS Display-Bold.ttf */,
				F640EE752C3720260010512A /* Assets.xcassets */,
			);
			path = Resources;
			sourceTree = "<group>";
		};
		F640EE602C3720250010512A = {
			isa = PBXGroup;
			children = (
				F640EE6B2C3720250010512A /* ImageFeed */,
				F640EE6A2C3720250010512A /* Products */,
			);
			sourceTree = "<group>";
		};
		F640EE6A2C3720250010512A /* Products */ = {
			isa = PBXGroup;
			children = (
				F640EE692C3720250010512A /* ImageFeed.app */,
			);
			name = Products;
			sourceTree = "<group>";
		};
		F640EE6B2C3720250010512A /* ImageFeed */ = {
			isa = PBXGroup;
			children = (
				F6CDA1252C750A3500E12927 /* SplashViewController */,
				F6CDA1202C74F0C600E12927 /* Models */,
				F6CDA11D2C74EF7100E12927 /* Helpers */,
				F6CDA11C2C73C21000E12927 /* Services */,
				F6E1E7232C6BCF4200355DD7 /* Auth */,
				F640EE7A2C3720260010512A /* Info.plist */,
				F692F47A2C5016AB0055FA32 /* SingleImage */,
				F61920312C418E3F00171E55 /* Resources */,
				F618ABFE2C46F5FF00B7DE86 /* Profile */,
				F619202E2C4054C200171E55 /* ImagesList */,
				F640EE6C2C3720250010512A /* AppDelegate.swift */,
				F640EE6E2C3720250010512A /* SceneDelegate.swift */,
				F6CF6C012C692F48001AF87C /* Constants.swift */,
				F640EE722C3720250010512A /* Main.storyboard */,
			);
			path = ImageFeed;
			sourceTree = "<group>";
		};
		F692F47A2C5016AB0055FA32 /* SingleImage */ = {
			isa = PBXGroup;
			children = (
				F692F47B2C5016F20055FA32 /* SingleImageViewController.swift */,
			);
			path = SingleImage;
			sourceTree = "<group>";
		};
		F6CDA11C2C73C21000E12927 /* Services */ = {
			isa = PBXGroup;
			children = (
				F6003F202CBD942800CD90FA /* UIBlockingProgressHUD.swift */,
				F6003F242CBD981100CD90FA /* ProfileService.swift */,
				F6CDA11A2C73B62400E12927 /* OAuth2Service.swift */,
				F6CDA1232C74F3C300E12927 /* OAuth2TokenStorage.swift */,
				F613656F2CC570E000AC791A /* ProfileImageService.swift */,
			);
			path = Services;
			sourceTree = "<group>";
		};
		F6CDA11D2C74EF7100E12927 /* Helpers */ = {
			isa = PBXGroup;
			children = (
				F6CDA11E2C74EF9C00E12927 /* URLSession+data.swift */,
			);
			path = Helpers;
			sourceTree = "<group>";
		};
		F6CDA1202C74F0C600E12927 /* Models */ = {
			isa = PBXGroup;
			children = (
				F6CDA1212C74F11500E12927 /* OAuthTokenResponseBody.swift */,
				F6003F282CBDA74F00CD90FA /* ProfileServiceResponseBody.swift */,
			);
			path = Models;
			sourceTree = "<group>";
		};
		F6CDA1252C750A3500E12927 /* SplashViewController */ = {
			isa = PBXGroup;
			children = (
				F6CDA1262C750A5900E12927 /* SplashViewController.swift */,
			);
			path = SplashViewController;
			sourceTree = "<group>";
		};
		F6E1E7232C6BCF4200355DD7 /* Auth */ = {
			isa = PBXGroup;
			children = (
				F6E1E7242C6BCF6F00355DD7 /* AuthViewController.swift */,
				F6E1E7262C6BD60A00355DD7 /* WebViewViewController.swift */,
			);
			path = Auth;
			sourceTree = "<group>";
		};
/* End PBXGroup section */

/* Begin PBXNativeTarget section */
		F640EE682C3720250010512A /* ImageFeed */ = {
			isa = PBXNativeTarget;
			buildConfigurationList = F640EE7D2C3720260010512A /* Build configuration list for PBXNativeTarget "ImageFeed" */;
			buildPhases = (
				F640EE652C3720250010512A /* Sources */,
				F640EE662C3720250010512A /* Frameworks */,
				F640EE672C3720250010512A /* Resources */,
			);
			buildRules = (
			);
			dependencies = (
			);
			name = ImageFeed;
			packageProductDependencies = (
				F64AE1BD2C8361DC007089BE /* ProgressHUD */,
				F677728A2CC81F3B0051B9DA /* Kingfisher */,
			);
			productName = ImageFeed;
			productReference = F640EE692C3720250010512A /* ImageFeed.app */;
			productType = "com.apple.product-type.application";
		};
/* End PBXNativeTarget section */

/* Begin PBXProject section */
		F640EE612C3720250010512A /* Project object */ = {
			isa = PBXProject;
			attributes = {
				BuildIndependentTargetsInParallel = 1;
				LastSwiftUpdateCheck = 1540;
				LastUpgradeCheck = 1540;
				TargetAttributes = {
					F640EE682C3720250010512A = {
						CreatedOnToolsVersion = 15.4;
					};
				};
			};
			buildConfigurationList = F640EE642C3720250010512A /* Build configuration list for PBXProject "ImageFeed" */;
			compatibilityVersion = "Xcode 14.0";
			developmentRegion = en;
			hasScannedForEncodings = 0;
			knownRegions = (
				en,
				Base,
			);
			mainGroup = F640EE602C3720250010512A;
			packageReferences = (
				F64AE1BC2C8361DB007089BE /* XCRemoteSwiftPackageReference "ProgressHUD" */,
				F67772892CC81F3B0051B9DA /* XCRemoteSwiftPackageReference "Kingfisher" */,
			);
			productRefGroup = F640EE6A2C3720250010512A /* Products */;
			projectDirPath = "";
			projectRoot = "";
			targets = (
				F640EE682C3720250010512A /* ImageFeed */,
			);
		};
/* End PBXProject section */

/* Begin PBXResourcesBuildPhase section */
		F640EE672C3720250010512A /* Resources */ = {
			isa = PBXResourcesBuildPhase;
			buildActionMask = 2147483647;
			files = (
				F640EE762C3720260010512A /* Assets.xcassets in Resources */,
				F6D8C6972C46EAEC00453F75 /* SF-Pro-Italic.ttf in Resources */,
				F640EE792C3720260010512A /* Base in Resources */,
				F6D8C6982C46EAEC00453F75 /* SF-Pro.ttf in Resources */,
				F640EE742C3720250010512A /* Base in Resources */,
				F61920332C418E5900171E55 /* YS Display-Bold.ttf in Resources */,
				F61920352C418E6300171E55 /* YS Display-Medium.ttf in Resources */,
			);
			runOnlyForDeploymentPostprocessing = 0;
		};
/* End PBXResourcesBuildPhase section */

/* Begin PBXSourcesBuildPhase section */
		F640EE652C3720250010512A /* Sources */ = {
			isa = PBXSourcesBuildPhase;
			buildActionMask = 2147483647;
			files = (
				F6003F292CBDA74F00CD90FA /* ProfileServiceResponseBody.swift in Sources */,
				F640EE712C3720250010512A /* ImagesListViewController.swift in Sources */,
				F6003F252CBD981100CD90FA /* ProfileService.swift in Sources */,
				F61920302C4054E400171E55 /* imagesListCell.swift in Sources */,
				F6CDA1222C74F11500E12927 /* OAuthTokenResponseBody.swift in Sources */,
				F61FFC492C483D85005D5D46 /* ProfileViewController.swift in Sources */,
				F640EE6D2C3720250010512A /* AppDelegate.swift in Sources */,
				F6CDA1272C750A5900E12927 /* SplashViewController.swift in Sources */,
				F6E1E7252C6BCF6F00355DD7 /* AuthViewController.swift in Sources */,
				F6CF6C022C692F49001AF87C /* Constants.swift in Sources */,
				F6003F212CBD944800CD90FA /* UIBlockingProgressHUD.swift in Sources */,
				F692F47C2C5016F20055FA32 /* SingleImageViewController.swift in Sources */,
				F6CDA11F2C74EF9C00E12927 /* URLSession+data.swift in Sources */,
				F6E1E7272C6BD60A00355DD7 /* WebViewViewController.swift in Sources */,
				F6CDA11B2C73B62400E12927 /* OAuth2Service.swift in Sources */,
				F61365702CC570E000AC791A /* ProfileImageService.swift in Sources */,
				F6CDA1242C74F3C300E12927 /* OAuth2TokenStorage.swift in Sources */,
				F640EE6F2C3720250010512A /* SceneDelegate.swift in Sources */,
			);
			runOnlyForDeploymentPostprocessing = 0;
		};
/* End PBXSourcesBuildPhase section */

/* Begin PBXVariantGroup section */
		F640EE722C3720250010512A /* Main.storyboard */ = {
			isa = PBXVariantGroup;
			children = (
				F640EE732C3720250010512A /* Base */,
			);
			name = Main.storyboard;
			sourceTree = "<group>";
		};
		F640EE772C3720260010512A /* LaunchScreen.storyboard */ = {
			isa = PBXVariantGroup;
			children = (
				F640EE782C3720260010512A /* Base */,
			);
			name = LaunchScreen.storyboard;
			sourceTree = "<group>";
		};
/* End PBXVariantGroup section */

/* Begin XCBuildConfiguration section */
		F640EE7B2C3720260010512A /* Debug */ = {
			isa = XCBuildConfiguration;
			buildSettings = {
				ALWAYS_SEARCH_USER_PATHS = NO;
				ASSETCATALOG_COMPILER_GENERATE_SWIFT_ASSET_SYMBOL_EXTENSIONS = YES;
				CLANG_ANALYZER_NONNULL = YES;
				CLANG_ANALYZER_NUMBER_OBJECT_CONVERSION = YES_AGGRESSIVE;
				CLANG_CXX_LANGUAGE_STANDARD = "gnu++20";
				CLANG_ENABLE_MODULES = YES;
				CLANG_ENABLE_OBJC_ARC = YES;
				CLANG_ENABLE_OBJC_WEAK = YES;
				CLANG_WARN_BLOCK_CAPTURE_AUTORELEASING = YES;
				CLANG_WARN_BOOL_CONVERSION = YES;
				CLANG_WARN_COMMA = YES;
				CLANG_WARN_CONSTANT_CONVERSION = YES;
				CLANG_WARN_DEPRECATED_OBJC_IMPLEMENTATIONS = YES;
				CLANG_WARN_DIRECT_OBJC_ISA_USAGE = YES_ERROR;
				CLANG_WARN_DOCUMENTATION_COMMENTS = YES;
				CLANG_WARN_EMPTY_BODY = YES;
				CLANG_WARN_ENUM_CONVERSION = YES;
				CLANG_WARN_INFINITE_RECURSION = YES;
				CLANG_WARN_INT_CONVERSION = YES;
				CLANG_WARN_NON_LITERAL_NULL_CONVERSION = YES;
				CLANG_WARN_OBJC_IMPLICIT_RETAIN_SELF = YES;
				CLANG_WARN_OBJC_LITERAL_CONVERSION = YES;
				CLANG_WARN_OBJC_ROOT_CLASS = YES_ERROR;
				CLANG_WARN_QUOTED_INCLUDE_IN_FRAMEWORK_HEADER = YES;
				CLANG_WARN_RANGE_LOOP_ANALYSIS = YES;
				CLANG_WARN_STRICT_PROTOTYPES = YES;
				CLANG_WARN_SUSPICIOUS_MOVE = YES;
				CLANG_WARN_UNGUARDED_AVAILABILITY = YES_AGGRESSIVE;
				CLANG_WARN_UNREACHABLE_CODE = YES;
				CLANG_WARN__DUPLICATE_METHOD_MATCH = YES;
				COPY_PHASE_STRIP = NO;
				DEBUG_INFORMATION_FORMAT = dwarf;
				ENABLE_STRICT_OBJC_MSGSEND = YES;
				ENABLE_TESTABILITY = YES;
				ENABLE_USER_SCRIPT_SANDBOXING = YES;
				GCC_C_LANGUAGE_STANDARD = gnu17;
				GCC_DYNAMIC_NO_PIC = NO;
				GCC_NO_COMMON_BLOCKS = YES;
				GCC_OPTIMIZATION_LEVEL = 0;
				GCC_PREPROCESSOR_DEFINITIONS = (
					"DEBUG=1",
					"$(inherited)",
				);
				GCC_WARN_64_TO_32_BIT_CONVERSION = YES;
				GCC_WARN_ABOUT_RETURN_TYPE = YES_ERROR;
				GCC_WARN_UNDECLARED_SELECTOR = YES;
				GCC_WARN_UNINITIALIZED_AUTOS = YES_AGGRESSIVE;
				GCC_WARN_UNUSED_FUNCTION = YES;
				GCC_WARN_UNUSED_VARIABLE = YES;
				IPHONEOS_DEPLOYMENT_TARGET = 13.0;
				LOCALIZATION_PREFERS_STRING_CATALOGS = YES;
				MTL_ENABLE_DEBUG_INFO = INCLUDE_SOURCE;
				MTL_FAST_MATH = YES;
				ONLY_ACTIVE_ARCH = YES;
				SDKROOT = iphoneos;
				SWIFT_ACTIVE_COMPILATION_CONDITIONS = "DEBUG $(inherited)";
				SWIFT_OPTIMIZATION_LEVEL = "-Onone";
			};
			name = Debug;
		};
		F640EE7C2C3720260010512A /* Release */ = {
			isa = XCBuildConfiguration;
			buildSettings = {
				ALWAYS_SEARCH_USER_PATHS = NO;
				ASSETCATALOG_COMPILER_GENERATE_SWIFT_ASSET_SYMBOL_EXTENSIONS = YES;
				CLANG_ANALYZER_NONNULL = YES;
				CLANG_ANALYZER_NUMBER_OBJECT_CONVERSION = YES_AGGRESSIVE;
				CLANG_CXX_LANGUAGE_STANDARD = "gnu++20";
				CLANG_ENABLE_MODULES = YES;
				CLANG_ENABLE_OBJC_ARC = YES;
				CLANG_ENABLE_OBJC_WEAK = YES;
				CLANG_WARN_BLOCK_CAPTURE_AUTORELEASING = YES;
				CLANG_WARN_BOOL_CONVERSION = YES;
				CLANG_WARN_COMMA = YES;
				CLANG_WARN_CONSTANT_CONVERSION = YES;
				CLANG_WARN_DEPRECATED_OBJC_IMPLEMENTATIONS = YES;
				CLANG_WARN_DIRECT_OBJC_ISA_USAGE = YES_ERROR;
				CLANG_WARN_DOCUMENTATION_COMMENTS = YES;
				CLANG_WARN_EMPTY_BODY = YES;
				CLANG_WARN_ENUM_CONVERSION = YES;
				CLANG_WARN_INFINITE_RECURSION = YES;
				CLANG_WARN_INT_CONVERSION = YES;
				CLANG_WARN_NON_LITERAL_NULL_CONVERSION = YES;
				CLANG_WARN_OBJC_IMPLICIT_RETAIN_SELF = YES;
				CLANG_WARN_OBJC_LITERAL_CONVERSION = YES;
				CLANG_WARN_OBJC_ROOT_CLASS = YES_ERROR;
				CLANG_WARN_QUOTED_INCLUDE_IN_FRAMEWORK_HEADER = YES;
				CLANG_WARN_RANGE_LOOP_ANALYSIS = YES;
				CLANG_WARN_STRICT_PROTOTYPES = YES;
				CLANG_WARN_SUSPICIOUS_MOVE = YES;
				CLANG_WARN_UNGUARDED_AVAILABILITY = YES_AGGRESSIVE;
				CLANG_WARN_UNREACHABLE_CODE = YES;
				CLANG_WARN__DUPLICATE_METHOD_MATCH = YES;
				COPY_PHASE_STRIP = NO;
				DEBUG_INFORMATION_FORMAT = "dwarf-with-dsym";
				ENABLE_NS_ASSERTIONS = NO;
				ENABLE_STRICT_OBJC_MSGSEND = YES;
				ENABLE_USER_SCRIPT_SANDBOXING = YES;
				GCC_C_LANGUAGE_STANDARD = gnu17;
				GCC_NO_COMMON_BLOCKS = YES;
				GCC_WARN_64_TO_32_BIT_CONVERSION = YES;
				GCC_WARN_ABOUT_RETURN_TYPE = YES_ERROR;
				GCC_WARN_UNDECLARED_SELECTOR = YES;
				GCC_WARN_UNINITIALIZED_AUTOS = YES_AGGRESSIVE;
				GCC_WARN_UNUSED_FUNCTION = YES;
				GCC_WARN_UNUSED_VARIABLE = YES;
				IPHONEOS_DEPLOYMENT_TARGET = 13.0;
				LOCALIZATION_PREFERS_STRING_CATALOGS = YES;
				MTL_ENABLE_DEBUG_INFO = NO;
				MTL_FAST_MATH = YES;
				SDKROOT = iphoneos;
				SWIFT_COMPILATION_MODE = wholemodule;
				VALIDATE_PRODUCT = YES;
			};
			name = Release;
		};
		F640EE7E2C3720260010512A /* Debug */ = {
			isa = XCBuildConfiguration;
			buildSettings = {
				ASSETCATALOG_COMPILER_APPICON_NAME = AppIcon;
				ASSETCATALOG_COMPILER_GLOBAL_ACCENT_COLOR_NAME = AccentColor;
				CODE_SIGN_STYLE = Automatic;
				CURRENT_PROJECT_VERSION = 1;
				DEVELOPMENT_TEAM = T23S64A858;
				GENERATE_INFOPLIST_FILE = YES;
				INFOPLIST_FILE = ImageFeed/Info.plist;
				INFOPLIST_KEY_UIApplicationSupportsIndirectInputEvents = YES;
				INFOPLIST_KEY_UILaunchStoryboardName = LaunchScreen;
				INFOPLIST_KEY_UIMainStoryboardFile = Main;
				INFOPLIST_KEY_UISupportedInterfaceOrientations = UIInterfaceOrientationPortrait;
				INFOPLIST_KEY_UISupportedInterfaceOrientations_iPad = UIInterfaceOrientationPortrait;
				IPHONEOS_DEPLOYMENT_TARGET = 13.0;
				LD_RUNPATH_SEARCH_PATHS = (
					"$(inherited)",
					"@executable_path/Frameworks",
				);
				MARKETING_VERSION = 1.0;
				PRODUCT_BUNDLE_IDENTIFIER = ssimashov.ImageFeed;
				PRODUCT_NAME = "$(TARGET_NAME)";
				SUPPORTED_PLATFORMS = "iphoneos iphonesimulator";
				SUPPORTS_MACCATALYST = NO;
				SUPPORTS_MAC_DESIGNED_FOR_IPHONE_IPAD = NO;
				SUPPORTS_XR_DESIGNED_FOR_IPHONE_IPAD = NO;
				SWIFT_EMIT_LOC_STRINGS = YES;
				SWIFT_VERSION = 5.0;
				TARGETED_DEVICE_FAMILY = 1;
			};
			name = Debug;
		};
		F640EE7F2C3720260010512A /* Release */ = {
			isa = XCBuildConfiguration;
			buildSettings = {
				ASSETCATALOG_COMPILER_APPICON_NAME = AppIcon;
				ASSETCATALOG_COMPILER_GLOBAL_ACCENT_COLOR_NAME = AccentColor;
				CODE_SIGN_STYLE = Automatic;
				CURRENT_PROJECT_VERSION = 1;
				DEVELOPMENT_TEAM = T23S64A858;
				GENERATE_INFOPLIST_FILE = YES;
				INFOPLIST_FILE = ImageFeed/Info.plist;
				INFOPLIST_KEY_UIApplicationSupportsIndirectInputEvents = YES;
				INFOPLIST_KEY_UILaunchStoryboardName = LaunchScreen;
				INFOPLIST_KEY_UIMainStoryboardFile = Main;
				INFOPLIST_KEY_UISupportedInterfaceOrientations = UIInterfaceOrientationPortrait;
				INFOPLIST_KEY_UISupportedInterfaceOrientations_iPad = UIInterfaceOrientationPortrait;
				IPHONEOS_DEPLOYMENT_TARGET = 13.0;
				LD_RUNPATH_SEARCH_PATHS = (
					"$(inherited)",
					"@executable_path/Frameworks",
				);
				MARKETING_VERSION = 1.0;
				PRODUCT_BUNDLE_IDENTIFIER = ssimashov.ImageFeed;
				PRODUCT_NAME = "$(TARGET_NAME)";
				SUPPORTED_PLATFORMS = "iphoneos iphonesimulator";
				SUPPORTS_MACCATALYST = NO;
				SUPPORTS_MAC_DESIGNED_FOR_IPHONE_IPAD = NO;
				SUPPORTS_XR_DESIGNED_FOR_IPHONE_IPAD = NO;
				SWIFT_EMIT_LOC_STRINGS = YES;
				SWIFT_VERSION = 5.0;
				TARGETED_DEVICE_FAMILY = 1;
			};
			name = Release;
		};
/* End XCBuildConfiguration section */

/* Begin XCConfigurationList section */
		F640EE642C3720250010512A /* Build configuration list for PBXProject "ImageFeed" */ = {
			isa = XCConfigurationList;
			buildConfigurations = (
				F640EE7B2C3720260010512A /* Debug */,
				F640EE7C2C3720260010512A /* Release */,
			);
			defaultConfigurationIsVisible = 0;
			defaultConfigurationName = Release;
		};
		F640EE7D2C3720260010512A /* Build configuration list for PBXNativeTarget "ImageFeed" */ = {
			isa = XCConfigurationList;
			buildConfigurations = (
				F640EE7E2C3720260010512A /* Debug */,
				F640EE7F2C3720260010512A /* Release */,
			);
			defaultConfigurationIsVisible = 0;
			defaultConfigurationName = Release;
		};
/* End XCConfigurationList section */

/* Begin XCRemoteSwiftPackageReference section */
		F64AE1BC2C8361DB007089BE /* XCRemoteSwiftPackageReference "ProgressHUD" */ = {
			isa = XCRemoteSwiftPackageReference;
			repositoryURL = "https://github.com/relatedcode/ProgressHUD";
			requirement = {
				kind = upToNextMajorVersion;
				minimumVersion = 14.1.3;
			};
		};
		F67772892CC81F3B0051B9DA /* XCRemoteSwiftPackageReference "Kingfisher" */ = {
			isa = XCRemoteSwiftPackageReference;
			repositoryURL = "https://github.com/onevcat/Kingfisher.git";
			requirement = {
				kind = upToNextMajorVersion;
				minimumVersion = 8.1.0;
			};
		};
/* End XCRemoteSwiftPackageReference section */

/* Begin XCSwiftPackageProductDependency section */
		F64AE1BD2C8361DC007089BE /* ProgressHUD */ = {
			isa = XCSwiftPackageProductDependency;
			package = F64AE1BC2C8361DB007089BE /* XCRemoteSwiftPackageReference "ProgressHUD" */;
			productName = ProgressHUD;
		};
		F677728A2CC81F3B0051B9DA /* Kingfisher */ = {
			isa = XCSwiftPackageProductDependency;
			package = F67772892CC81F3B0051B9DA /* XCRemoteSwiftPackageReference "Kingfisher" */;
			productName = Kingfisher;
		};
/* End XCSwiftPackageProductDependency section */
	};
	rootObject = F640EE612C3720250010512A /* Project object */;
}
